// !$*UTF8*$!
{
	archiveVersion = 1;
	classes = {
	};
	objectVersion = 56;
	objects = {

/* Begin PBXBuildFile section */
		88283AF72A0BAFE10012DEC3 /* NatLangSentimentAnalysisApp.swift in Sources */ = {isa = PBXBuildFile; fileRef = 88283AF62A0BAFE10012DEC3 /* NatLangSentimentAnalysisApp.swift */; };
		88283AF92A0BAFE10012DEC3 /* ContentView.swift in Sources */ = {isa = PBXBuildFile; fileRef = 88283AF82A0BAFE10012DEC3 /* ContentView.swift */; };
		88283AFB2A0BAFE20012DEC3 /* Assets.xcassets in Resources */ = {isa = PBXBuildFile; fileRef = 88283AFA2A0BAFE20012DEC3 /* Assets.xcassets */; };
		88283AFE2A0BAFE20012DEC3 /* Preview Assets.xcassets in Resources */ = {isa = PBXBuildFile; fileRef = 88283AFD2A0BAFE20012DEC3 /* Preview Assets.xcassets */; };
/* End PBXBuildFile section */

/* Begin PBXContainerItemProxy section */
		88283B042A0BAFE20012DEC3 /* PBXContainerItemProxy */ = {
			isa = PBXContainerItemProxy;
			containerPortal = 88283AEB2A0BAFE10012DEC3 /* Project object */;
			proxyType = 1;
			remoteGlobalIDString = 88283AF22A0BAFE10012DEC3;
			remoteInfo = NatLangSentimentAnalysis;
		};
		88283B0E2A0BAFE20012DEC3 /* PBXContainerItemProxy */ = {
			isa = PBXContainerItemProxy;
			containerPortal = 88283AEB2A0BAFE10012DEC3 /* Project object */;
			proxyType = 1;
			remoteGlobalIDString = 88283AF22A0BAFE10012DEC3;
			remoteInfo = NatLangSentimentAnalysis;
		};
/* End PBXContainerItemProxy section */

/* Begin PBXFileReference section */
		88283AF32A0BAFE10012DEC3 /* NatLangSentimentAnalysis.app */ = {isa = PBXFileReference; explicitFileType = wrapper.application; includeInIndex = 0; path = NatLangSentimentAnalysis.app; sourceTree = BUILT_PRODUCTS_DIR; };
		88283AF62A0BAFE10012DEC3 /* NatLangSentimentAnalysisApp.swift */ = {isa = PBXFileReference; lastKnownFileType = sourcecode.swift; path = NatLangSentimentAnalysisApp.swift; sourceTree = "<group>"; };
		88283AF82A0BAFE10012DEC3 /* ContentView.swift */ = {isa = PBXFileReference; lastKnownFileType = sourcecode.swift; path = ContentView.swift; sourceTree = "<group>"; };
		88283AFA2A0BAFE20012DEC3 /* Assets.xcassets */ = {isa = PBXFileReference; lastKnownFileType = folder.assetcatalog; path = Assets.xcassets; sourceTree = "<group>"; };
		88283AFD2A0BAFE20012DEC3 /* Preview Assets.xcassets */ = {isa = PBXFileReference; lastKnownFileType = folder.assetcatalog; path = "Preview Assets.xcassets"; sourceTree = "<group>"; };
		88283B032A0BAFE20012DEC3 /* NatLangSentimentAnalysisTests.xctest */ = {isa = PBXFileReference; explicitFileType = wrapper.cfbundle; includeInIndex = 0; path = NatLangSentimentAnalysisTests.xctest; sourceTree = BUILT_PRODUCTS_DIR; };
		88283B0D2A0BAFE20012DEC3 /* NatLangSentimentAnalysisUITests.xctest */ = {isa = PBXFileReference; explicitFileType = wrapper.cfbundle; includeInIndex = 0; path = NatLangSentimentAnalysisUITests.xctest; sourceTree = BUILT_PRODUCTS_DIR; };
/* End PBXFileReference section */

/* Begin PBXFrameworksBuildPhase section */
		88283AF02A0BAFE10012DEC3 /* Frameworks */ = {
			isa = PBXFrameworksBuildPhase;
			buildActionMask = 2147483647;
			files = (
			);
			runOnlyForDeploymentPostprocessing = 0;
		};
		88283B002A0BAFE20012DEC3 /* Frameworks */ = {
			isa = PBXFrameworksBuildPhase;
			buildActionMask = 2147483647;
			files = (
			);
			runOnlyForDeploymentPostprocessing = 0;
		};
		88283B0A2A0BAFE20012DEC3 /* Frameworks */ = {
			isa = PBXFrameworksBuildPhase;
			buildActionMask = 2147483647;
			files = (
			);
			runOnlyForDeploymentPostprocessing = 0;
		};
/* End PBXFrameworksBuildPhase section */

/* Begin PBXGroup section */
		88283AEA2A0BAFE10012DEC3 = {
			isa = PBXGroup;
			children = (
				88283AF52A0BAFE10012DEC3 /* NatLangSentimentAnalysis */,
				88283AF42A0BAFE10012DEC3 /* Products */,
			);
			sourceTree = "<group>";
		};
		88283AF42A0BAFE10012DEC3 /* Products */ = {
			isa = PBXGroup;
			children = (
				88283AF32A0BAFE10012DEC3 /* NatLangSentimentAnalysis.app */,
				88283B032A0BAFE20012DEC3 /* NatLangSentimentAnalysisTests.xctest */,
				88283B0D2A0BAFE20012DEC3 /* NatLangSentimentAnalysisUITests.xctest */,
			);
			name = Products;
			sourceTree = "<group>";
		};
		88283AF52A0BAFE10012DEC3 /* NatLangSentimentAnalysis */ = {
			isa = PBXGroup;
			children = (
				88283AF62A0BAFE10012DEC3 /* NatLangSentimentAnalysisApp.swift */,
				88283AF82A0BAFE10012DEC3 /* ContentView.swift */,
				88283AFA2A0BAFE20012DEC3 /* Assets.xcassets */,
				88283AFC2A0BAFE20012DEC3 /* Preview Content */,
			);
			path = NatLangSentimentAnalysis;
			sourceTree = "<group>";
		};
		88283AFC2A0BAFE20012DEC3 /* Preview Content */ = {
			isa = PBXGroup;
			children = (
				88283AFD2A0BAFE20012DEC3 /* Preview Assets.xcassets */,
			);
			path = "Preview Content";
			sourceTree = "<group>";
		};
/* End PBXGroup section */

/* Begin PBXNativeTarget section */
		88283AF22A0BAFE10012DEC3 /* NatLangSentimentAnalysis */ = {
			isa = PBXNativeTarget;
			buildConfigurationList = 88283B172A0BAFE20012DEC3 /* Build configuration list for PBXNativeTarget "NatLangSentimentAnalysis" */;
			buildPhases = (
				88283AEF2A0BAFE10012DEC3 /* Sources */,
				88283AF02A0BAFE10012DEC3 /* Frameworks */,
				88283AF12A0BAFE10012DEC3 /* Resources */,
			);
			buildRules = (
			);
			dependencies = (
			);
			name = NatLangSentimentAnalysis;
			productName = NatLangSentimentAnalysis;
			productReference = 88283AF32A0BAFE10012DEC3 /* NatLangSentimentAnalysis.app */;
			productType = "com.apple.product-type.application";
		};
		88283B022A0BAFE20012DEC3 /* NatLangSentimentAnalysisTests */ = {
			isa = PBXNativeTarget;
			buildConfigurationList = 88283B1A2A0BAFE20012DEC3 /* Build configuration list for PBXNativeTarget "NatLangSentimentAnalysisTests" */;
			buildPhases = (
				88283AFF2A0BAFE20012DEC3 /* Sources */,
				88283B002A0BAFE20012DEC3 /* Frameworks */,
				88283B012A0BAFE20012DEC3 /* Resources */,
			);
			buildRules = (
			);
			dependencies = (
				88283B052A0BAFE20012DEC3 /* PBXTargetDependency */,
			);
			name = NatLangSentimentAnalysisTests;
			productName = NatLangSentimentAnalysisTests;
			productReference = 88283B032A0BAFE20012DEC3 /* NatLangSentimentAnalysisTests.xctest */;
			productType = "com.apple.product-type.bundle.unit-test";
		};
		88283B0C2A0BAFE20012DEC3 /* NatLangSentimentAnalysisUITests */ = {
			isa = PBXNativeTarget;
			buildConfigurationList = 88283B1D2A0BAFE20012DEC3 /* Build configuration list for PBXNativeTarget "NatLangSentimentAnalysisUITests" */;
			buildPhases = (
				88283B092A0BAFE20012DEC3 /* Sources */,
				88283B0A2A0BAFE20012DEC3 /* Frameworks */,
				88283B0B2A0BAFE20012DEC3 /* Resources */,
			);
			buildRules = (
			);
			dependencies = (
				88283B0F2A0BAFE20012DEC3 /* PBXTargetDependency */,
			);
			name = NatLangSentimentAnalysisUITests;
			productName = NatLangSentimentAnalysisUITests;
			productReference = 88283B0D2A0BAFE20012DEC3 /* NatLangSentimentAnalysisUITests.xctest */;
			productType = "com.apple.product-type.bundle.ui-testing";
		};
/* End PBXNativeTarget section */

/* Begin PBXProject section */
		88283AEB2A0BAFE10012DEC3 /* Project object */ = {
			isa = PBXProject;
			attributes = {
				BuildIndependentTargetsInParallel = 1;
				LastSwiftUpdateCheck = 1430;
				LastUpgradeCheck = 1430;
				TargetAttributes = {
					88283AF22A0BAFE10012DEC3 = {
						CreatedOnToolsVersion = 14.3;
					};
					88283B022A0BAFE20012DEC3 = {
						CreatedOnToolsVersion = 14.3;
						TestTargetID = 88283AF22A0BAFE10012DEC3;
					};
					88283B0C2A0BAFE20012DEC3 = {
						CreatedOnToolsVersion = 14.3;
						TestTargetID = 88283AF22A0BAFE10012DEC3;
					};
				};
			};
			buildConfigurationList = 88283AEE2A0BAFE10012DEC3 /* Build configuration list for PBXProject "NatLangSentimentAnalysis" */;
			compatibilityVersion = "Xcode 14.0";
			developmentRegion = en;
			hasScannedForEncodings = 0;
			knownRegions = (
				en,
				Base,
			);
			mainGroup = 88283AEA2A0BAFE10012DEC3;
			productRefGroup = 88283AF42A0BAFE10012DEC3 /* Products */;
			projectDirPath = "";
			projectRoot = "";
			targets = (
				88283AF22A0BAFE10012DEC3 /* NatLangSentimentAnalysis */,
				88283B022A0BAFE20012DEC3 /* NatLangSentimentAnalysisTests */,
				88283B0C2A0BAFE20012DEC3 /* NatLangSentimentAnalysisUITests */,
			);
		};
/* End PBXProject section */

/* Begin PBXResourcesBuildPhase section */
		88283AF12A0BAFE10012DEC3 /* Resources */ = {
			isa = PBXResourcesBuildPhase;
			buildActionMask = 2147483647;
			files = (
				88283AFE2A0BAFE20012DEC3 /* Preview Assets.xcassets in Resources */,
				88283AFB2A0BAFE20012DEC3 /* Assets.xcassets in Resources */,
			);
			runOnlyForDeploymentPostprocessing = 0;
		};
		88283B012A0BAFE20012DEC3 /* Resources */ = {
			isa = PBXResourcesBuildPhase;
			buildActionMask = 2147483647;
			files = (
			);
			runOnlyForDeploymentPostprocessing = 0;
		};
		88283B0B2A0BAFE20012DEC3 /* Resources */ = {
			isa = PBXResourcesBuildPhase;
			buildActionMask = 2147483647;
			files = (
			);
			runOnlyForDeploymentPostprocessing = 0;
		};
/* End PBXResourcesBuildPhase section */

/* Begin PBXSourcesBuildPhase section */
		88283AEF2A0BAFE10012DEC3 /* Sources */ = {
			isa = PBXSourcesBuildPhase;
			buildActionMask = 2147483647;
			files = (
				88283AF92A0BAFE10012DEC3 /* ContentView.swift in Sources */,
				88283AF72A0BAFE10012DEC3 /* NatLangSentimentAnalysisApp.swift in Sources */,
			);
			runOnlyForDeploymentPostprocessing = 0;
		};
		88283AFF2A0BAFE20012DEC3 /* Sources */ = {
			isa = PBXSourcesBuildPhase;
			buildActionMask = 2147483647;
			files = (
			);
			runOnlyForDeploymentPostprocessing = 0;
		};
		88283B092A0BAFE20012DEC3 /* Sources */ = {
			isa = PBXSourcesBuildPhase;
			buildActionMask = 2147483647;
			files = (
			);
			runOnlyForDeploymentPostprocessing = 0;
		};
/* End PBXSourcesBuildPhase section */

/* Begin PBXTargetDependency section */
		88283B052A0BAFE20012DEC3 /* PBXTargetDependency */ = {
			isa = PBXTargetDependency;
			target = 88283AF22A0BAFE10012DEC3 /* NatLangSentimentAnalysis */;
			targetProxy = 88283B042A0BAFE20012DEC3 /* PBXContainerItemProxy */;
		};
		88283B0F2A0BAFE20012DEC3 /* PBXTargetDependency */ = {
			isa = PBXTargetDependency;
			target = 88283AF22A0BAFE10012DEC3 /* NatLangSentimentAnalysis */;
			targetProxy = 88283B0E2A0BAFE20012DEC3 /* PBXContainerItemProxy */;
		};
/* End PBXTargetDependency section */

/* Begin XCBuildConfiguration section */
		88283B152A0BAFE20012DEC3 /* Debug */ = {
			isa = XCBuildConfiguration;
			buildSettings = {
				ALWAYS_SEARCH_USER_PATHS = NO;
				CLANG_ANALYZER_NONNULL = YES;
				CLANG_ANALYZER_NUMBER_OBJECT_CONVERSION = YES_AGGRESSIVE;
				CLANG_CXX_LANGUAGE_STANDARD = "gnu++20";
				CLANG_ENABLE_MODULES = YES;
				CLANG_ENABLE_OBJC_ARC = YES;
				CLANG_ENABLE_OBJC_WEAK = YES;
				CLANG_WARN_BLOCK_CAPTURE_AUTORELEASING = YES;
				CLANG_WARN_BOOL_CONVERSION = YES;
				CLANG_WARN_COMMA = YES;
				CLANG_WARN_CONSTANT_CONVERSION = YES;
				CLANG_WARN_DEPRECATED_OBJC_IMPLEMENTATIONS = YES;
				CLANG_WARN_DIRECT_OBJC_ISA_USAGE = YES_ERROR;
				CLANG_WARN_DOCUMENTATION_COMMENTS = YES;
				CLANG_WARN_EMPTY_BODY = YES;
				CLANG_WARN_ENUM_CONVERSION = YES;
				CLANG_WARN_INFINITE_RECURSION = YES;
				CLANG_WARN_INT_CONVERSION = YES;
				CLANG_WARN_NON_LITERAL_NULL_CONVERSION = YES;
				CLANG_WARN_OBJC_IMPLICIT_RETAIN_SELF = YES;
				CLANG_WARN_OBJC_LITERAL_CONVERSION = YES;
				CLANG_WARN_OBJC_ROOT_CLASS = YES_ERROR;
				CLANG_WARN_QUOTED_INCLUDE_IN_FRAMEWORK_HEADER = YES;
				CLANG_WARN_RANGE_LOOP_ANALYSIS = YES;
				CLANG_WARN_STRICT_PROTOTYPES = YES;
				CLANG_WARN_SUSPICIOUS_MOVE = YES;
				CLANG_WARN_UNGUARDED_AVAILABILITY = YES_AGGRESSIVE;
				CLANG_WARN_UNREACHABLE_CODE = YES;
				CLANG_WARN__DUPLICATE_METHOD_MATCH = YES;
				COPY_PHASE_STRIP = NO;
				DEBUG_INFORMATION_FORMAT = dwarf;
				ENABLE_STRICT_OBJC_MSGSEND = YES;
				ENABLE_TESTABILITY = YES;
				GCC_C_LANGUAGE_STANDARD = gnu11;
				GCC_DYNAMIC_NO_PIC = NO;
				GCC_NO_COMMON_BLOCKS = YES;
				GCC_OPTIMIZATION_LEVEL = 0;
				GCC_PREPROCESSOR_DEFINITIONS = (
					"DEBUG=1",
					"$(inherited)",
				);
				GCC_WARN_64_TO_32_BIT_CONVERSION = YES;
				GCC_WARN_ABOUT_RETURN_TYPE = YES_ERROR;
				GCC_WARN_UNDECLARED_SELECTOR = YES;
				GCC_WARN_UNINITIALIZED_AUTOS = YES_AGGRESSIVE;
				GCC_WARN_UNUSED_FUNCTION = YES;
				GCC_WARN_UNUSED_VARIABLE = YES;
				IPHONEOS_DEPLOYMENT_TARGET = 16.4;
				MTL_ENABLE_DEBUG_INFO = INCLUDE_SOURCE;
				MTL_FAST_MATH = YES;
				ONLY_ACTIVE_ARCH = YES;
				SDKROOT = iphoneos;
				SWIFT_ACTIVE_COMPILATION_CONDITIONS = DEBUG;
				SWIFT_OPTIMIZATION_LEVEL = "-Onone";
			};
			name = Debug;
		};
		88283B162A0BAFE20012DEC3 /* Release */ = {
			isa = XCBuildConfiguration;
			buildSettings = {
				ALWAYS_SEARCH_USER_PATHS = NO;
				CLANG_ANALYZER_NONNULL = YES;
				CLANG_ANALYZER_NUMBER_OBJECT_CONVERSION = YES_AGGRESSIVE;
				CLANG_CXX_LANGUAGE_STANDARD = "gnu++20";
				CLANG_ENABLE_MODULES = YES;
				CLANG_ENABLE_OBJC_ARC = YES;
				CLANG_ENABLE_OBJC_WEAK = YES;
				CLANG_WARN_BLOCK_CAPTURE_AUTORELEASING = YES;
				CLANG_WARN_BOOL_CONVERSION = YES;
				CLANG_WARN_COMMA = YES;
				CLANG_WARN_CONSTANT_CONVERSION = YES;
				CLANG_WARN_DEPRECATED_OBJC_IMPLEMENTATIONS = YES;
				CLANG_WARN_DIRECT_OBJC_ISA_USAGE = YES_ERROR;
				CLANG_WARN_DOCUMENTATION_COMMENTS = YES;
				CLANG_WARN_EMPTY_BODY = YES;
				CLANG_WARN_ENUM_CONVERSION = YES;
				CLANG_WARN_INFINITE_RECURSION = YES;
				CLANG_WARN_INT_CONVERSION = YES;
				CLANG_WARN_NON_LITERAL_NULL_CONVERSION = YES;
				CLANG_WARN_OBJC_IMPLICIT_RETAIN_SELF = YES;
				CLANG_WARN_OBJC_LITERAL_CONVERSION = YES;
				CLANG_WARN_OBJC_ROOT_CLASS = YES_ERROR;
				CLANG_WARN_QUOTED_INCLUDE_IN_FRAMEWORK_HEADER = YES;
				CLANG_WARN_RANGE_LOOP_ANALYSIS = YES;
				CLANG_WARN_STRICT_PROTOTYPES = YES;
				CLANG_WARN_SUSPICIOUS_MOVE = YES;
				CLANG_WARN_UNGUARDED_AVAILABILITY = YES_AGGRESSIVE;
				CLANG_WARN_UNREACHABLE_CODE = YES;
				CLANG_WARN__DUPLICATE_METHOD_MATCH = YES;
				COPY_PHASE_STRIP = NO;
				DEBUG_INFORMATION_FORMAT = "dwarf-with-dsym";
				ENABLE_NS_ASSERTIONS = NO;
				ENABLE_STRICT_OBJC_MSGSEND = YES;
				GCC_C_LANGUAGE_STANDARD = gnu11;
				GCC_NO_COMMON_BLOCKS = YES;
				GCC_WARN_64_TO_32_BIT_CONVERSION = YES;
				GCC_WARN_ABOUT_RETURN_TYPE = YES_ERROR;
				GCC_WARN_UNDECLARED_SELECTOR = YES;
				GCC_WARN_UNINITIALIZED_AUTOS = YES_AGGRESSIVE;
				GCC_WARN_UNUSED_FUNCTION = YES;
				GCC_WARN_UNUSED_VARIABLE = YES;
				IPHONEOS_DEPLOYMENT_TARGET = 16.4;
				MTL_ENABLE_DEBUG_INFO = NO;
				MTL_FAST_MATH = YES;
				SDKROOT = iphoneos;
				SWIFT_COMPILATION_MODE = wholemodule;
				SWIFT_OPTIMIZATION_LEVEL = "-O";
				VALIDATE_PRODUCT = YES;
			};
			name = Release;
		};
		88283B182A0BAFE20012DEC3 /* Debug */ = {
			isa = XCBuildConfiguration;
			buildSettings = {
				ASSETCATALOG_COMPILER_APPICON_NAME = AppIcon;
				ASSETCATALOG_COMPILER_GLOBAL_ACCENT_COLOR_NAME = AccentColor;
				CODE_SIGN_STYLE = Automatic;
				CURRENT_PROJECT_VERSION = 1;
				DEVELOPMENT_ASSET_PATHS = "\"NatLangSentimentAnalysis/Preview Content\"";
				DEVELOPMENT_TEAM = PW6A8Y96ZX;
				ENABLE_PREVIEWS = YES;
				GENERATE_INFOPLIST_FILE = YES;
				INFOPLIST_KEY_UIApplicationSceneManifest_Generation = YES;
				INFOPLIST_KEY_UIApplicationSupportsIndirectInputEvents = YES;
				INFOPLIST_KEY_UILaunchScreen_Generation = YES;
				INFOPLIST_KEY_UISupportedInterfaceOrientations_iPad = "UIInterfaceOrientationPortrait UIInterfaceOrientationPortraitUpsideDown UIInterfaceOrientationLandscapeLeft UIInterfaceOrientationLandscapeRight";
				INFOPLIST_KEY_UISupportedInterfaceOrientations_iPhone = "UIInterfaceOrientationPortrait UIInterfaceOrientationLandscapeLeft UIInterfaceOrientationLandscapeRight";
				LD_RUNPATH_SEARCH_PATHS = (
					"$(inherited)",
					"@executable_path/Frameworks",
				);
				MARKETING_VERSION = 1.0;
				PRODUCT_BUNDLE_IDENTIFIER = com.selectdesign.natLanguage;
				PRODUCT_NAME = "$(TARGET_NAME)";
				SWIFT_EMIT_LOC_STRINGS = YES;
				SWIFT_VERSION = 5.0;
				TARGETED_DEVICE_FAMILY = "1,2";
			};
			name = Debug;
		};
		88283B192A0BAFE20012DEC3 /* Release */ = {
			isa = XCBuildConfiguration;
			buildSettings = {
				ASSETCATALOG_COMPILER_APPICON_NAME = AppIcon;
				ASSETCATALOG_COMPILER_GLOBAL_ACCENT_COLOR_NAME = AccentColor;
				CODE_SIGN_STYLE = Automatic;
				CURRENT_PROJECT_VERSION = 1;
				DEVELOPMENT_ASSET_PATHS = "\"NatLangSentimentAnalysis/Preview Content\"";
				DEVELOPMENT_TEAM = PW6A8Y96ZX;
				ENABLE_PREVIEWS = YES;
				GENERATE_INFOPLIST_FILE = YES;
				INFOPLIST_KEY_UIApplicationSceneManifest_Generation = YES;
				INFOPLIST_KEY_UIApplicationSupportsIndirectInputEvents = YES;
				INFOPLIST_KEY_UILaunchScreen_Generation = YES;
				INFOPLIST_KEY_UISupportedInterfaceOrientations_iPad = "UIInterfaceOrientationPortrait UIInterfaceOrientationPortraitUpsideDown UIInterfaceOrientationLandscapeLeft UIInterfaceOrientationLandscapeRight";
				INFOPLIST_KEY_UISupportedInterfaceOrientations_iPhone = "UIInterfaceOrientationPortrait UIInterfaceOrientationLandscapeLeft UIInterfaceOrientationLandscapeRight";
				LD_RUNPATH_SEARCH_PATHS = (
					"$(inherited)",
					"@executable_path/Frameworks",
				);
				MARKETING_VERSION = 1.0;
				PRODUCT_BUNDLE_IDENTIFIER = com.selectdesign.natLanguage;
				PRODUCT_NAME = "$(TARGET_NAME)";
				SWIFT_EMIT_LOC_STRINGS = YES;
				SWIFT_VERSION = 5.0;
				TARGETED_DEVICE_FAMILY = "1,2";
			};
			name = Release;
		};
		88283B1B2A0BAFE20012DEC3 /* Debug */ = {
			isa = XCBuildConfiguration;
			buildSettings = {
				ALWAYS_EMBED_SWIFT_STANDARD_LIBRARIES = YES;
				BUNDLE_LOADER = "$(TEST_HOST)";
				CODE_SIGN_STYLE = Automatic;
				CURRENT_PROJECT_VERSION = 1;
				DEVELOPMENT_TEAM = PW6A8Y96ZX;
				GENERATE_INFOPLIST_FILE = YES;
				IPHONEOS_DEPLOYMENT_TARGET = 16.4;
				MARKETING_VERSION = 1.0;
				PRODUCT_BUNDLE_IDENTIFIER = com.selectdesign.sentiment.NatLangSentimentAnalysisTests;
				PRODUCT_NAME = "$(TARGET_NAME)";
				SWIFT_EMIT_LOC_STRINGS = NO;
				SWIFT_VERSION = 5.0;
				TARGETED_DEVICE_FAMILY = "1,2";
				TEST_HOST = "$(BUILT_PRODUCTS_DIR)/NatLangSentimentAnalysis.app/$(BUNDLE_EXECUTABLE_FOLDER_PATH)/NatLangSentimentAnalysis";
			};
			name = Debug;
		};
		88283B1C2A0BAFE20012DEC3 /* Release */ = {
			isa = XCBuildConfiguration;
			buildSettings = {
				ALWAYS_EMBED_SWIFT_STANDARD_LIBRARIES = YES;
				BUNDLE_LOADER = "$(TEST_HOST)";
				CODE_SIGN_STYLE = Automatic;
				CURRENT_PROJECT_VERSION = 1;
				DEVELOPMENT_TEAM = PW6A8Y96ZX;
				GENERATE_INFOPLIST_FILE = YES;
				IPHONEOS_DEPLOYMENT_TARGET = 16.4;
				MARKETING_VERSION = 1.0;
				PRODUCT_BUNDLE_IDENTIFIER = com.selectdesign.sentiment.NatLangSentimentAnalysisTests;
				PRODUCT_NAME = "$(TARGET_NAME)";
				SWIFT_EMIT_LOC_STRINGS = NO;
				SWIFT_VERSION = 5.0;
				TARGETED_DEVICE_FAMILY = "1,2";
				TEST_HOST = "$(BUILT_PRODUCTS_DIR)/NatLangSentimentAnalysis.app/$(BUNDLE_EXECUTABLE_FOLDER_PATH)/NatLangSentimentAnalysis";
			};
			name = Release;
		};
		88283B1E2A0BAFE20012DEC3 /* Debug */ = {
			isa = XCBuildConfiguration;
			buildSettings = {
				ALWAYS_EMBED_SWIFT_STANDARD_LIBRARIES = YES;
				CODE_SIGN_STYLE = Automatic;
				CURRENT_PROJECT_VERSION = 1;
				DEVELOPMENT_TEAM = PW6A8Y96ZX;
				GENERATE_INFOPLIST_FILE = YES;
				MARKETING_VERSION = 1.0;
				PRODUCT_BUNDLE_IDENTIFIER = com.selectdesign.sentiment.NatLangSentimentAnalysisUITests;
				PRODUCT_NAME = "$(TARGET_NAME)";
				SWIFT_EMIT_LOC_STRINGS = NO;
				SWIFT_VERSION = 5.0;
				TARGETED_DEVICE_FAMILY = "1,2";
				TEST_TARGET_NAME = NatLangSentimentAnalysis;
			};
			name = Debug;
		};
		88283B1F2A0BAFE20012DEC3 /* Release */ = {
			isa = XCBuildConfiguration;
			buildSettings = {
				ALWAYS_EMBED_SWIFT_STANDARD_LIBRARIES = YES;
				CODE_SIGN_STYLE = Automatic;
				CURRENT_PROJECT_VERSION = 1;
				DEVELOPMENT_TEAM = PW6A8Y96ZX;
				GENERATE_INFOPLIST_FILE = YES;
				MARKETING_VERSION = 1.0;
				PRODUCT_BUNDLE_IDENTIFIER = com.selectdesign.sentiment.NatLangSentimentAnalysisUITests;
				PRODUCT_NAME = "$(TARGET_NAME)";
				SWIFT_EMIT_LOC_STRINGS = NO;
				SWIFT_VERSION = 5.0;
				TARGETED_DEVICE_FAMILY = "1,2";
				TEST_TARGET_NAME = NatLangSentimentAnalysis;
			};
			name = Release;
		};
/* End XCBuildConfiguration section */

/* Begin XCConfigurationList section */
		88283AEE2A0BAFE10012DEC3 /* Build configuration list for PBXProject "NatLangSentimentAnalysis" */ = {
			isa = XCConfigurationList;
			buildConfigurations = (
				88283B152A0BAFE20012DEC3 /* Debug */,
				88283B162A0BAFE20012DEC3 /* Release */,
			);
			defaultConfigurationIsVisible = 0;
			defaultConfigurationName = Release;
		};
		88283B172A0BAFE20012DEC3 /* Build configuration list for PBXNativeTarget "NatLangSentimentAnalysis" */ = {
			isa = XCConfigurationList;
			buildConfigurations = (
				88283B182A0BAFE20012DEC3 /* Debug */,
				88283B192A0BAFE20012DEC3 /* Release */,
			);
			defaultConfigurationIsVisible = 0;
			defaultConfigurationName = Release;
		};
		88283B1A2A0BAFE20012DEC3 /* Build configuration list for PBXNativeTarget "NatLangSentimentAnalysisTests" */ = {
			isa = XCConfigurationList;
			buildConfigurations = (
				88283B1B2A0BAFE20012DEC3 /* Debug */,
				88283B1C2A0BAFE20012DEC3 /* Release */,
			);
			defaultConfigurationIsVisible = 0;
			defaultConfigurationName = Release;
		};
		88283B1D2A0BAFE20012DEC3 /* Build configuration list for PBXNativeTarget "NatLangSentimentAnalysisUITests" */ = {
			isa = XCConfigurationList;
			buildConfigurations = (
				88283B1E2A0BAFE20012DEC3 /* Debug */,
				88283B1F2A0BAFE20012DEC3 /* Release */,
			);
			defaultConfigurationIsVisible = 0;
			defaultConfigurationName = Release;
		};
/* End XCConfigurationList section */
	};
	rootObject = 88283AEB2A0BAFE10012DEC3 /* Project object */;
}
